// !$*UTF8*$!
{
	archiveVersion = 1;
	classes = {
	};
	objectVersion = 50;
	objects = {

/* Begin PBXBuildFile section */
		DEDF3598268CACFE00145CE1 /* AppDelegate.swift in Sources */ = {isa = PBXBuildFile; fileRef = DEDF3597268CACFE00145CE1 /* AppDelegate.swift */; };
		DEDF359A268CACFE00145CE1 /* ViewController.swift in Sources */ = {isa = PBXBuildFile; fileRef = DEDF3599268CACFE00145CE1 /* ViewController.swift */; };
		DEDF359C268CAD0000145CE1 /* Assets.xcassets in Resources */ = {isa = PBXBuildFile; fileRef = DEDF359B268CAD0000145CE1 /* Assets.xcassets */; };
		DEDF359F268CAD0000145CE1 /* Main.storyboard in Resources */ = {isa = PBXBuildFile; fileRef = DEDF359D268CAD0000145CE1 /* Main.storyboard */; };
		DEDF35AB268CAD0000145CE1 /* automationTests.swift in Sources */ = {isa = PBXBuildFile; fileRef = DEDF35AA268CAD0000145CE1 /* automationTests.swift */; };
		DEDF35B6268CAD0000145CE1 /* automationUITests.swift in Sources */ = {isa = PBXBuildFile; fileRef = DEDF35B5268CAD0000145CE1 /* automationUITests.swift */; };
/* End PBXBuildFile section */

/* Begin PBXContainerItemProxy section */
		DEDF35A7268CAD0000145CE1 /* PBXContainerItemProxy */ = {
			isa = PBXContainerItemProxy;
			containerPortal = DEDF358C268CACFE00145CE1 /* Project object */;
			proxyType = 1;
			remoteGlobalIDString = DEDF3593268CACFE00145CE1;
			remoteInfo = automation;
		};
		DEDF35B2268CAD0000145CE1 /* PBXContainerItemProxy */ = {
			isa = PBXContainerItemProxy;
			containerPortal = DEDF358C268CACFE00145CE1 /* Project object */;
			proxyType = 1;
			remoteGlobalIDString = DEDF3593268CACFE00145CE1;
			remoteInfo = automation;
		};
/* End PBXContainerItemProxy section */

/* Begin PBXFileReference section */
		DEDF3594268CACFE00145CE1 /* automation.app */ = {isa = PBXFileReference; explicitFileType = wrapper.application; includeInIndex = 0; path = automation.app; sourceTree = BUILT_PRODUCTS_DIR; };
		DEDF3597268CACFE00145CE1 /* AppDelegate.swift */ = {isa = PBXFileReference; lastKnownFileType = sourcecode.swift; path = AppDelegate.swift; sourceTree = "<group>"; };
		DEDF3599268CACFE00145CE1 /* ViewController.swift */ = {isa = PBXFileReference; lastKnownFileType = sourcecode.swift; path = ViewController.swift; sourceTree = "<group>"; };
		DEDF359B268CAD0000145CE1 /* Assets.xcassets */ = {isa = PBXFileReference; lastKnownFileType = folder.assetcatalog; path = Assets.xcassets; sourceTree = "<group>"; };
		DEDF359E268CAD0000145CE1 /* Base */ = {isa = PBXFileReference; lastKnownFileType = file.storyboard; name = Base; path = Base.lproj/Main.storyboard; sourceTree = "<group>"; };
		DEDF35A0268CAD0000145CE1 /* Info.plist */ = {isa = PBXFileReference; lastKnownFileType = text.plist.xml; path = Info.plist; sourceTree = "<group>"; };
		DEDF35A1268CAD0000145CE1 /* automation.entitlements */ = {isa = PBXFileReference; lastKnownFileType = text.plist.entitlements; path = automation.entitlements; sourceTree = "<group>"; };
		DEDF35A6268CAD0000145CE1 /* automationTests.xctest */ = {isa = PBXFileReference; explicitFileType = wrapper.cfbundle; includeInIndex = 0; path = automationTests.xctest; sourceTree = BUILT_PRODUCTS_DIR; };
		DEDF35AA268CAD0000145CE1 /* automationTests.swift */ = {isa = PBXFileReference; lastKnownFileType = sourcecode.swift; path = automationTests.swift; sourceTree = "<group>"; };
		DEDF35AC268CAD0000145CE1 /* Info.plist */ = {isa = PBXFileReference; lastKnownFileType = text.plist.xml; path = Info.plist; sourceTree = "<group>"; };
		DEDF35B1268CAD0000145CE1 /* automationUITests.xctest */ = {isa = PBXFileReference; explicitFileType = wrapper.cfbundle; includeInIndex = 0; path = automationUITests.xctest; sourceTree = BUILT_PRODUCTS_DIR; };
		DEDF35B5268CAD0000145CE1 /* automationUITests.swift */ = {isa = PBXFileReference; lastKnownFileType = sourcecode.swift; path = automationUITests.swift; sourceTree = "<group>"; };
		DEDF35B7268CAD0000145CE1 /* Info.plist */ = {isa = PBXFileReference; lastKnownFileType = text.plist.xml; path = Info.plist; sourceTree = "<group>"; };
/* End PBXFileReference section */

/* Begin PBXFrameworksBuildPhase section */
		DEDF3591268CACFE00145CE1 /* Frameworks */ = {
			isa = PBXFrameworksBuildPhase;
			buildActionMask = 2147483647;
			files = (
			);
			runOnlyForDeploymentPostprocessing = 0;
		};
		DEDF35A3268CAD0000145CE1 /* Frameworks */ = {
			isa = PBXFrameworksBuildPhase;
			buildActionMask = 2147483647;
			files = (
			);
			runOnlyForDeploymentPostprocessing = 0;
		};
		DEDF35AE268CAD0000145CE1 /* Frameworks */ = {
			isa = PBXFrameworksBuildPhase;
			buildActionMask = 2147483647;
			files = (
			);
			runOnlyForDeploymentPostprocessing = 0;
		};
/* End PBXFrameworksBuildPhase section */

/* Begin PBXGroup section */
		DEDF358B268CACFE00145CE1 = {
			isa = PBXGroup;
			children = (
				DEDF3596268CACFE00145CE1 /* automation */,
				DEDF35A9268CAD0000145CE1 /* automationTests */,
				DEDF35B4268CAD0000145CE1 /* automationUITests */,
				DEDF3595268CACFE00145CE1 /* Products */,
			);
			sourceTree = "<group>";
		};
		DEDF3595268CACFE00145CE1 /* Products */ = {
			isa = PBXGroup;
			children = (
				DEDF3594268CACFE00145CE1 /* automation.app */,
				DEDF35A6268CAD0000145CE1 /* automationTests.xctest */,
				DEDF35B1268CAD0000145CE1 /* automationUITests.xctest */,
			);
			name = Products;
			sourceTree = "<group>";
		};
		DEDF3596268CACFE00145CE1 /* automation */ = {
			isa = PBXGroup;
			children = (
				DEDF3597268CACFE00145CE1 /* AppDelegate.swift */,
				DEDF3599268CACFE00145CE1 /* ViewController.swift */,
				DEDF359B268CAD0000145CE1 /* Assets.xcassets */,
				DEDF359D268CAD0000145CE1 /* Main.storyboard */,
				DEDF35A0268CAD0000145CE1 /* Info.plist */,
				DEDF35A1268CAD0000145CE1 /* automation.entitlements */,
			);
			path = automation;
			sourceTree = "<group>";
		};
		DEDF35A9268CAD0000145CE1 /* automationTests */ = {
			isa = PBXGroup;
			children = (
				DEDF35AA268CAD0000145CE1 /* automationTests.swift */,
				DEDF35AC268CAD0000145CE1 /* Info.plist */,
			);
			path = automationTests;
			sourceTree = "<group>";
		};
		DEDF35B4268CAD0000145CE1 /* automationUITests */ = {
			isa = PBXGroup;
			children = (
				DEDF35B5268CAD0000145CE1 /* automationUITests.swift */,
				DEDF35B7268CAD0000145CE1 /* Info.plist */,
			);
			path = automationUITests;
			sourceTree = "<group>";
		};
/* End PBXGroup section */

/* Begin PBXNativeTarget section */
		DEDF3593268CACFE00145CE1 /* automation */ = {
			isa = PBXNativeTarget;
			buildConfigurationList = DEDF35BA268CAD0000145CE1 /* Build configuration list for PBXNativeTarget "automation" */;
			buildPhases = (
				DEDF3590268CACFE00145CE1 /* Sources */,
				DEDF3591268CACFE00145CE1 /* Frameworks */,
				DEDF3592268CACFE00145CE1 /* Resources */,
			);
			buildRules = (
			);
			dependencies = (
			);
			name = automation;
			productName = automation;
			productReference = DEDF3594268CACFE00145CE1 /* automation.app */;
			productType = "com.apple.product-type.application";
		};
		DEDF35A5268CAD0000145CE1 /* automationTests */ = {
			isa = PBXNativeTarget;
			buildConfigurationList = DEDF35BD268CAD0000145CE1 /* Build configuration list for PBXNativeTarget "automationTests" */;
			buildPhases = (
				DEDF35A2268CAD0000145CE1 /* Sources */,
				DEDF35A3268CAD0000145CE1 /* Frameworks */,
				DEDF35A4268CAD0000145CE1 /* Resources */,
			);
			buildRules = (
			);
			dependencies = (
				DEDF35A8268CAD0000145CE1 /* PBXTargetDependency */,
			);
			name = automationTests;
			productName = automationTests;
			productReference = DEDF35A6268CAD0000145CE1 /* automationTests.xctest */;
			productType = "com.apple.product-type.bundle.unit-test";
		};
		DEDF35B0268CAD0000145CE1 /* automationUITests */ = {
			isa = PBXNativeTarget;
			buildConfigurationList = DEDF35C0268CAD0000145CE1 /* Build configuration list for PBXNativeTarget "automationUITests" */;
			buildPhases = (
				DEDF35AD268CAD0000145CE1 /* Sources */,
				DEDF35AE268CAD0000145CE1 /* Frameworks */,
				DEDF35AF268CAD0000145CE1 /* Resources */,
			);
			buildRules = (
			);
			dependencies = (
				DEDF35B3268CAD0000145CE1 /* PBXTargetDependency */,
			);
			name = automationUITests;
			productName = automationUITests;
			productReference = DEDF35B1268CAD0000145CE1 /* automationUITests.xctest */;
			productType = "com.apple.product-type.bundle.ui-testing";
		};
/* End PBXNativeTarget section */

/* Begin PBXProject section */
		DEDF358C268CACFE00145CE1 /* Project object */ = {
			isa = PBXProject;
			attributes = {
				LastSwiftUpdateCheck = 1240;
				LastUpgradeCheck = 1240;
				TargetAttributes = {
					DEDF3593268CACFE00145CE1 = {
						CreatedOnToolsVersion = 12.4;
					};
					DEDF35A5268CAD0000145CE1 = {
						CreatedOnToolsVersion = 12.4;
						TestTargetID = DEDF3593268CACFE00145CE1;
					};
					DEDF35B0268CAD0000145CE1 = {
						CreatedOnToolsVersion = 12.4;
						TestTargetID = DEDF3593268CACFE00145CE1;
					};
				};
			};
			buildConfigurationList = DEDF358F268CACFE00145CE1 /* Build configuration list for PBXProject "automation" */;
			compatibilityVersion = "Xcode 9.3";
			developmentRegion = en;
			hasScannedForEncodings = 0;
			knownRegions = (
				en,
				Base,
			);
			mainGroup = DEDF358B268CACFE00145CE1;
			productRefGroup = DEDF3595268CACFE00145CE1 /* Products */;
			projectDirPath = "";
			projectRoot = "";
			targets = (
				DEDF3593268CACFE00145CE1 /* automation */,
				DEDF35A5268CAD0000145CE1 /* automationTests */,
				DEDF35B0268CAD0000145CE1 /* automationUITests */,
			);
		};
/* End PBXProject section */

/* Begin PBXResourcesBuildPhase section */
		DEDF3592268CACFE00145CE1 /* Resources */ = {
			isa = PBXResourcesBuildPhase;
			buildActionMask = 2147483647;
			files = (
				DEDF359C268CAD0000145CE1 /* Assets.xcassets in Resources */,
				DEDF359F268CAD0000145CE1 /* Main.storyboard in Resources */,
			);
			runOnlyForDeploymentPostprocessing = 0;
		};
		DEDF35A4268CAD0000145CE1 /* Resources */ = {
			isa = PBXResourcesBuildPhase;
			buildActionMask = 2147483647;
			files = (
			);
			runOnlyForDeploymentPostprocessing = 0;
		};
		DEDF35AF268CAD0000145CE1 /* Resources */ = {
			isa = PBXResourcesBuildPhase;
			buildActionMask = 2147483647;
			files = (
			);
			runOnlyForDeploymentPostprocessing = 0;
		};
/* End PBXResourcesBuildPhase section */

/* Begin PBXSourcesBuildPhase section */
		DEDF3590268CACFE00145CE1 /* Sources */ = {
			isa = PBXSourcesBuildPhase;
			buildActionMask = 2147483647;
			files = (
				DEDF359A268CACFE00145CE1 /* ViewController.swift in Sources */,
				DEDF3598268CACFE00145CE1 /* AppDelegate.swift in Sources */,
			);
			runOnlyForDeploymentPostprocessing = 0;
		};
		DEDF35A2268CAD0000145CE1 /* Sources */ = {
			isa = PBXSourcesBuildPhase;
			buildActionMask = 2147483647;
			files = (
				DEDF35AB268CAD0000145CE1 /* automationTests.swift in Sources */,
			);
			runOnlyForDeploymentPostprocessing = 0;
		};
		DEDF35AD268CAD0000145CE1 /* Sources */ = {
			isa = PBXSourcesBuildPhase;
			buildActionMask = 2147483647;
			files = (
				DEDF35B6268CAD0000145CE1 /* automationUITests.swift in Sources */,
			);
			runOnlyForDeploymentPostprocessing = 0;
		};
/* End PBXSourcesBuildPhase section */

/* Begin PBXTargetDependency section */
		DEDF35A8268CAD0000145CE1 /* PBXTargetDependency */ = {
			isa = PBXTargetDependency;
			target = DEDF3593268CACFE00145CE1 /* automation */;
			targetProxy = DEDF35A7268CAD0000145CE1 /* PBXContainerItemProxy */;
		};
		DEDF35B3268CAD0000145CE1 /* PBXTargetDependency */ = {
			isa = PBXTargetDependency;
			target = DEDF3593268CACFE00145CE1 /* automation */;
			targetProxy = DEDF35B2268CAD0000145CE1 /* PBXContainerItemProxy */;
		};
/* End PBXTargetDependency section */

/* Begin PBXVariantGroup section */
		DEDF359D268CAD0000145CE1 /* Main.storyboard */ = {
			isa = PBXVariantGroup;
			children = (
				DEDF359E268CAD0000145CE1 /* Base */,
			);
			name = Main.storyboard;
			sourceTree = "<group>";
		};
/* End PBXVariantGroup section */

/* Begin XCBuildConfiguration section */
		DEDF35B8268CAD0000145CE1 /* Debug */ = {
			isa = XCBuildConfiguration;
			buildSettings = {
				ALWAYS_SEARCH_USER_PATHS = NO;
				CLANG_ANALYZER_NONNULL = YES;
				CLANG_ANALYZER_NUMBER_OBJECT_CONVERSION = YES_AGGRESSIVE;
				CLANG_CXX_LANGUAGE_STANDARD = "gnu++14";
				CLANG_CXX_LIBRARY = "libc++";
				CLANG_ENABLE_MODULES = YES;
				CLANG_ENABLE_OBJC_ARC = YES;
				CLANG_ENABLE_OBJC_WEAK = YES;
				CLANG_WARN_BLOCK_CAPTURE_AUTORELEASING = YES;
				CLANG_WARN_BOOL_CONVERSION = YES;
				CLANG_WARN_COMMA = YES;
				CLANG_WARN_CONSTANT_CONVERSION = YES;
				CLANG_WARN_DEPRECATED_OBJC_IMPLEMENTATIONS = YES;
				CLANG_WARN_DIRECT_OBJC_ISA_USAGE = YES_ERROR;
				CLANG_WARN_DOCUMENTATION_COMMENTS = YES;
				CLANG_WARN_EMPTY_BODY = YES;
				CLANG_WARN_ENUM_CONVERSION = YES;
				CLANG_WARN_INFINITE_RECURSION = YES;
				CLANG_WARN_INT_CONVERSION = YES;
				CLANG_WARN_NON_LITERAL_NULL_CONVERSION = YES;
				CLANG_WARN_OBJC_IMPLICIT_RETAIN_SELF = YES;
				CLANG_WARN_OBJC_LITERAL_CONVERSION = YES;
				CLANG_WARN_OBJC_ROOT_CLASS = YES_ERROR;
				CLANG_WARN_QUOTED_INCLUDE_IN_FRAMEWORK_HEADER = YES;
				CLANG_WARN_RANGE_LOOP_ANALYSIS = YES;
				CLANG_WARN_STRICT_PROTOTYPES = YES;
				CLANG_WARN_SUSPICIOUS_MOVE = YES;
				CLANG_WARN_UNGUARDED_AVAILABILITY = YES_AGGRESSIVE;
				CLANG_WARN_UNREACHABLE_CODE = YES;
				CLANG_WARN__DUPLICATE_METHOD_MATCH = YES;
				COPY_PHASE_STRIP = NO;
				DEBUG_INFORMATION_FORMAT = dwarf;
				ENABLE_STRICT_OBJC_MSGSEND = YES;
				ENABLE_TESTABILITY = YES;
				GCC_C_LANGUAGE_STANDARD = gnu11;
				GCC_DYNAMIC_NO_PIC = NO;
				GCC_NO_COMMON_BLOCKS = YES;
				GCC_OPTIMIZATION_LEVEL = 0;
				GCC_PREPROCESSOR_DEFINITIONS = (
					"DEBUG=1",
					"$(inherited)",
				);
				GCC_WARN_64_TO_32_BIT_CONVERSION = YES;
				GCC_WARN_ABOUT_RETURN_TYPE = YES_ERROR;
				GCC_WARN_UNDECLARED_SELECTOR = YES;
				GCC_WARN_UNINITIALIZED_AUTOS = YES_AGGRESSIVE;
				GCC_WARN_UNUSED_FUNCTION = YES;
				GCC_WARN_UNUSED_VARIABLE = YES;
				MACOSX_DEPLOYMENT_TARGET = 10.15;
				MTL_ENABLE_DEBUG_INFO = INCLUDE_SOURCE;
				MTL_FAST_MATH = YES;
				ONLY_ACTIVE_ARCH = YES;
				SDKROOT = macosx;
				SWIFT_ACTIVE_COMPILATION_CONDITIONS = DEBUG;
				SWIFT_OPTIMIZATION_LEVEL = "-Onone";
			};
			name = Debug;
		};
		DEDF35B9268CAD0000145CE1 /* Release */ = {
			isa = XCBuildConfiguration;
			buildSettings = {
				ALWAYS_SEARCH_USER_PATHS = NO;
				CLANG_ANALYZER_NONNULL = YES;
				CLANG_ANALYZER_NUMBER_OBJECT_CONVERSION = YES_AGGRESSIVE;
				CLANG_CXX_LANGUAGE_STANDARD = "gnu++14";
				CLANG_CXX_LIBRARY = "libc++";
				CLANG_ENABLE_MODULES = YES;
				CLANG_ENABLE_OBJC_ARC = YES;
				CLANG_ENABLE_OBJC_WEAK = YES;
				CLANG_WARN_BLOCK_CAPTURE_AUTORELEASING = YES;
				CLANG_WARN_BOOL_CONVERSION = YES;
				CLANG_WARN_COMMA = YES;
				CLANG_WARN_CONSTANT_CONVERSION = YES;
				CLANG_WARN_DEPRECATED_OBJC_IMPLEMENTATIONS = YES;
				CLANG_WARN_DIRECT_OBJC_ISA_USAGE = YES_ERROR;
				CLANG_WARN_DOCUMENTATION_COMMENTS = YES;
				CLANG_WARN_EMPTY_BODY = YES;
				CLANG_WARN_ENUM_CONVERSION = YES;
				CLANG_WARN_INFINITE_RECURSION = YES;
				CLANG_WARN_INT_CONVERSION = YES;
				CLANG_WARN_NON_LITERAL_NULL_CONVERSION = YES;
				CLANG_WARN_OBJC_IMPLICIT_RETAIN_SELF = YES;
				CLANG_WARN_OBJC_LITERAL_CONVERSION = YES;
				CLANG_WARN_OBJC_ROOT_CLASS = YES_ERROR;
				CLANG_WARN_QUOTED_INCLUDE_IN_FRAMEWORK_HEADER = YES;
				CLANG_WARN_RANGE_LOOP_ANALYSIS = YES;
				CLANG_WARN_STRICT_PROTOTYPES = YES;
				CLANG_WARN_SUSPICIOUS_MOVE = YES;
				CLANG_WARN_UNGUARDED_AVAILABILITY = YES_AGGRESSIVE;
				CLANG_WARN_UNREACHABLE_CODE = YES;
				CLANG_WARN__DUPLICATE_METHOD_MATCH = YES;
				COPY_PHASE_STRIP = NO;
				DEBUG_INFORMATION_FORMAT = "dwarf-with-dsym";
				ENABLE_NS_ASSERTIONS = NO;
				ENABLE_STRICT_OBJC_MSGSEND = YES;
				GCC_C_LANGUAGE_STANDARD = gnu11;
				GCC_NO_COMMON_BLOCKS = YES;
				GCC_WARN_64_TO_32_BIT_CONVERSION = YES;
				GCC_WARN_ABOUT_RETURN_TYPE = YES_ERROR;
				GCC_WARN_UNDECLARED_SELECTOR = YES;
				GCC_WARN_UNINITIALIZED_AUTOS = YES_AGGRESSIVE;
				GCC_WARN_UNUSED_FUNCTION = YES;
				GCC_WARN_UNUSED_VARIABLE = YES;
				MACOSX_DEPLOYMENT_TARGET = 10.15;
				MTL_ENABLE_DEBUG_INFO = NO;
				MTL_FAST_MATH = YES;
				SDKROOT = macosx;
				SWIFT_COMPILATION_MODE = wholemodule;
				SWIFT_OPTIMIZATION_LEVEL = "-O";
			};
			name = Release;
		};
		DEDF35BB268CAD0000145CE1 /* Debug */ = {
			isa = XCBuildConfiguration;
			buildSettings = {
				ASSETCATALOG_COMPILER_APPICON_NAME = AppIcon;
				ASSETCATALOG_COMPILER_GLOBAL_ACCENT_COLOR_NAME = AccentColor;
				CODE_SIGN_ENTITLEMENTS = automation/automation.entitlements;
				CODE_SIGN_STYLE = Automatic;
				COMBINE_HIDPI_IMAGES = YES;
				INFOPLIST_FILE = automation/Info.plist;
				LD_RUNPATH_SEARCH_PATHS = (
					"$(inherited)",
					"@executable_path/../Frameworks",
				);
				PRODUCT_BUNDLE_IDENTIFIER = com.cagip.automation;
				PRODUCT_NAME = "$(TARGET_NAME)";
				SWIFT_VERSION = 5.0;
			};
			name = Debug;
		};
		DEDF35BC268CAD0000145CE1 /* Release */ = {
			isa = XCBuildConfiguration;
			buildSettings = {
				ASSETCATALOG_COMPILER_APPICON_NAME = AppIcon;
				ASSETCATALOG_COMPILER_GLOBAL_ACCENT_COLOR_NAME = AccentColor;
				CODE_SIGN_ENTITLEMENTS = automation/automation.entitlements;
				CODE_SIGN_STYLE = Automatic;
				COMBINE_HIDPI_IMAGES = YES;
				INFOPLIST_FILE = automation/Info.plist;
				LD_RUNPATH_SEARCH_PATHS = (
					"$(inherited)",
					"@executable_path/../Frameworks",
				);
				PRODUCT_BUNDLE_IDENTIFIER = com.cagip.automation;
				PRODUCT_NAME = "$(TARGET_NAME)";
				SWIFT_VERSION = 5.0;
			};
			name = Release;
		};
		DEDF35BE268CAD0000145CE1 /* Debug */ = {
			isa = XCBuildConfiguration;
			buildSettings = {
				ALWAYS_EMBED_SWIFT_STANDARD_LIBRARIES = YES;
				BUNDLE_LOADER = "$(TEST_HOST)";
				CODE_SIGN_STYLE = Automatic;
				COMBINE_HIDPI_IMAGES = YES;
				INFOPLIST_FILE = automationTests/Info.plist;
				LD_RUNPATH_SEARCH_PATHS = (
					"$(inherited)",
					"@executable_path/../Frameworks",
					"@loader_path/../Frameworks",
				);
				MACOSX_DEPLOYMENT_TARGET = 10.15;
				PRODUCT_BUNDLE_IDENTIFIER = com.cagip.automationTests;
				PRODUCT_NAME = "$(TARGET_NAME)";
				SWIFT_VERSION = 5.0;
				TEST_HOST = "$(BUILT_PRODUCTS_DIR)/automation.app/Contents/MacOS/automation";
			};
			name = Debug;
		};
		DEDF35BF268CAD0000145CE1 /* Release */ = {
			isa = XCBuildConfiguration;
			buildSettings = {
				ALWAYS_EMBED_SWIFT_STANDARD_LIBRARIES = YES;
				BUNDLE_LOADER = "$(TEST_HOST)";
				CODE_SIGN_STYLE = Automatic;
				COMBINE_HIDPI_IMAGES = YES;
				INFOPLIST_FILE = automationTests/Info.plist;
				LD_RUNPATH_SEARCH_PATHS = (
					"$(inherited)",
					"@executable_path/../Frameworks",
					"@loader_path/../Frameworks",
				);
				MACOSX_DEPLOYMENT_TARGET = 10.15;
				PRODUCT_BUNDLE_IDENTIFIER = com.cagip.automationTests;
				PRODUCT_NAME = "$(TARGET_NAME)";
				SWIFT_VERSION = 5.0;
				TEST_HOST = "$(BUILT_PRODUCTS_DIR)/automation.app/Contents/MacOS/automation";
			};
			name = Release;
		};
		DEDF35C1268CAD0000145CE1 /* Debug */ = {
			isa = XCBuildConfiguration;
			buildSettings = {
				ALWAYS_EMBED_SWIFT_STANDARD_LIBRARIES = YES;
				CODE_SIGN_STYLE = Automatic;
				COMBINE_HIDPI_IMAGES = YES;
				INFOPLIST_FILE = automationUITests/Info.plist;
				LD_RUNPATH_SEARCH_PATHS = (
					"$(inherited)",
					"@executable_path/../Frameworks",
					"@loader_path/../Frameworks",
				);
				PRODUCT_BUNDLE_IDENTIFIER = com.cagip.automationUITests;
				PRODUCT_NAME = "$(TARGET_NAME)";
				SWIFT_VERSION = 5.0;
				TEST_TARGET_NAME = automation;
			};
			name = Debug;
		};
		DEDF35C2268CAD0000145CE1 /* Release */ = {
			isa = XCBuildConfiguration;
			buildSettings = {
				ALWAYS_EMBED_SWIFT_STANDARD_LIBRARIES = YES;
				CODE_SIGN_STYLE = Automatic;
				COMBINE_HIDPI_IMAGES = YES;
				INFOPLIST_FILE = automationUITests/Info.plist;
				LD_RUNPATH_SEARCH_PATHS = (
					"$(inherited)",
					"@executable_path/../Frameworks",
					"@loader_path/../Frameworks",
				);
				PRODUCT_BUNDLE_IDENTIFIER = com.cagip.automationUITests;
				PRODUCT_NAME = "$(TARGET_NAME)";
				SWIFT_VERSION = 5.0;
				TEST_TARGET_NAME = automation;
			};
			name = Release;
		};
/* End XCBuildConfiguration section */

/* Begin XCConfigurationList section */
		DEDF358F268CACFE00145CE1 /* Build configuration list for PBXProject "automation" */ = {
			isa = XCConfigurationList;
			buildConfigurations = (
				DEDF35B8268CAD0000145CE1 /* Debug */,
				DEDF35B9268CAD0000145CE1 /* Release */,
			);
			defaultConfigurationIsVisible = 0;
			defaultConfigurationName = Release;
		};
		DEDF35BA268CAD0000145CE1 /* Build configuration list for PBXNativeTarget "automation" */ = {
			isa = XCConfigurationList;
			buildConfigurations = (
				DEDF35BB268CAD0000145CE1 /* Debug */,
				DEDF35BC268CAD0000145CE1 /* Release */,
			);
			defaultConfigurationIsVisible = 0;
			defaultConfigurationName = Release;
		};
		DEDF35BD268CAD0000145CE1 /* Build configuration list for PBXNativeTarget "automationTests" */ = {
			isa = XCConfigurationList;
			buildConfigurations = (
				DEDF35BE268CAD0000145CE1 /* Debug */,
				DEDF35BF268CAD0000145CE1 /* Release */,
			);
			defaultConfigurationIsVisible = 0;
			defaultConfigurationName = Release;
		};
		DEDF35C0268CAD0000145CE1 /* Build configuration list for PBXNativeTarget "automationUITests" */ = {
			isa = XCConfigurationList;
			buildConfigurations = (
				DEDF35C1268CAD0000145CE1 /* Debug */,
				DEDF35C2268CAD0000145CE1 /* Release */,
			);
			defaultConfigurationIsVisible = 0;
			defaultConfigurationName = Release;
		};
/* End XCConfigurationList section */
	};
	rootObject = DEDF358C268CACFE00145CE1 /* Project object */;
}
